
Microsoft Visual Studio Solution File, Format Version 12.00
# Visual Studio 15
VisualStudioVersion = 15.0.28307.902
MinimumVisualStudioVersion = 10.0.40219.1
Project("{FAE04EC0-301F-11D3-BF4B-00C04F79EFBC}") = "Calculator_2", "Calculator_2\Calculator_2.csproj", "{8ABD37E7-162A-484B-AC15-788EA423E47F}"
EndProject
Global
	GlobalSection(SolutionConfigurationPlatforms) = preSolution
		Debug|Any CPU = Debug|Any CPU
		Release|Any CPU = Release|Any CPU
	EndGlobalSection
	GlobalSection(ProjectConfigurationPlatforms) = postSolution
		{8ABD37E7-162A-484B-AC15-788EA423E47F}.Debug|Any CPU.ActiveCfg = Debug|Any CPU
		{8ABD37E7-162A-484B-AC15-788EA423E47F}.Debug|Any CPU.Build.0 = Debug|Any CPU
		{8ABD37E7-162A-484B-AC15-788EA423E47F}.Release|Any CPU.ActiveCfg = Release|Any CPU
		{8ABD37E7-162A-484B-AC15-788EA423E47F}.Release|Any CPU.Build.0 = Release|Any CPU
	EndGlobalSection
	GlobalSection(SolutionProperties) = preSolution
		HideSolutionNode = FALSE
	EndGlobalSection
	GlobalSection(ExtensibilityGlobals) = postSolution
		SolutionGuid = {65CF7DCF-8356-4CAF-B2B4-F1819E170B75}
	EndGlobalSection
EndGlobal
